
Microsoft Visual Studio Solution File, Format Version 12.00
# Visual Studio 15
VisualStudioVersion = 15.0.26124.0
MinimumVisualStudioVersion = 15.0.26124.0
Project("{FAE04EC0-301F-11D3-BF4B-00C04F79EFBC}") = "TestCommon", "..\TestCommon\TestCommon.csproj", "{A219BA60-647F-49A5-A8D0-C102ACD995C2}"
EndProject
Project("{FAE04EC0-301F-11D3-BF4B-00C04F79EFBC}") = "A4", "A4\A4.csproj", "{C3476FC4-EFAD-4AAA-BC58-6CE34406762F}"
EndProject
Project("{FAE04EC0-301F-11D3-BF4B-00C04F79EFBC}") = "A4.Tests", "A4.Tests\A4.Tests.csproj", "{C4F97467-4555-414D-8ECE-3E7522A04847}"
EndProject
Global
	GlobalSection(SolutionConfigurationPlatforms) = preSolution
		Debug|Any CPU = Debug|Any CPU
		Debug|x64 = Debug|x64
		Debug|x86 = Debug|x86
		Release|Any CPU = Release|Any CPU
		Release|x64 = Release|x64
		Release|x86 = Release|x86
	EndGlobalSection
	GlobalSection(SolutionProperties) = preSolution
		HideSolutionNode = FALSE
	EndGlobalSection
	GlobalSection(ProjectConfigurationPlatforms) = postSolution
		{A219BA60-647F-49A5-A8D0-C102ACD995C2}.Debug|Any CPU.ActiveCfg = Debug|Any CPU
		{A219BA60-647F-49A5-A8D0-C102ACD995C2}.Debug|Any CPU.Build.0 = Debug|Any CPU
		{A219BA60-647F-49A5-A8D0-C102ACD995C2}.Debug|x64.ActiveCfg = Debug|Any CPU
		{A219BA60-647F-49A5-A8D0-C102ACD995C2}.Debug|x64.Build.0 = Debug|Any CPU
		{A219BA60-647F-49A5-A8D0-C102ACD995C2}.Debug|x86.ActiveCfg = Debug|Any CPU
		{A219BA60-647F-49A5-A8D0-C102ACD995C2}.Debug|x86.Build.0 = Debug|Any CPU
		{A219BA60-647F-49A5-A8D0-C102ACD995C2}.Release|Any CPU.ActiveCfg = Release|Any CPU
		{A219BA60-647F-49A5-A8D0-C102ACD995C2}.Release|Any CPU.Build.0 = Release|Any CPU
		{A219BA60-647F-49A5-A8D0-C102ACD995C2}.Release|x64.ActiveCfg = Release|Any CPU
		{A219BA60-647F-49A5-A8D0-C102ACD995C2}.Release|x64.Build.0 = Release|Any CPU
		{A219BA60-647F-49A5-A8D0-C102ACD995C2}.Release|x86.ActiveCfg = Release|Any CPU
		{A219BA60-647F-49A5-A8D0-C102ACD995C2}.Release|x86.Build.0 = Release|Any CPU
		{C3476FC4-EFAD-4AAA-BC58-6CE34406762F}.Debug|Any CPU.ActiveCfg = Debug|Any CPU
		{C3476FC4-EFAD-4AAA-BC58-6CE34406762F}.Debug|Any CPU.Build.0 = Debug|Any CPU
		{C3476FC4-EFAD-4AAA-BC58-6CE34406762F}.Debug|x64.ActiveCfg = Debug|Any CPU
		{C3476FC4-EFAD-4AAA-BC58-6CE34406762F}.Debug|x64.Build.0 = Debug|Any CPU
		{C3476FC4-EFAD-4AAA-BC58-6CE34406762F}.Debug|x86.ActiveCfg = Debug|Any CPU
		{C3476FC4-EFAD-4AAA-BC58-6CE34406762F}.Debug|x86.Build.0 = Debug|Any CPU
		{C3476FC4-EFAD-4AAA-BC58-6CE34406762F}.Release|Any CPU.ActiveCfg = Release|Any CPU
		{C3476FC4-EFAD-4AAA-BC58-6CE34406762F}.Release|Any CPU.Build.0 = Release|Any CPU
		{C3476FC4-EFAD-4AAA-BC58-6CE34406762F}.Release|x64.ActiveCfg = Release|Any CPU
		{C3476FC4-EFAD-4AAA-BC58-6CE34406762F}.Release|x64.Build.0 = Release|Any CPU
		{C3476FC4-EFAD-4AAA-BC58-6CE34406762F}.Release|x86.ActiveCfg = Release|Any CPU
		{C3476FC4-EFAD-4AAA-BC58-6CE34406762F}.Release|x86.Build.0 = Release|Any CPU
		{C4F97467-4555-414D-8ECE-3E7522A04847}.Debug|Any CPU.ActiveCfg = Debug|Any CPU
		{C4F97467-4555-414D-8ECE-3E7522A04847}.Debug|Any CPU.Build.0 = Debug|Any CPU
		{C4F97467-4555-414D-8ECE-3E7522A04847}.Debug|x64.ActiveCfg = Debug|Any CPU
		{C4F97467-4555-414D-8ECE-3E7522A04847}.Debug|x64.Build.0 = Debug|Any CPU
		{C4F97467-4555-414D-8ECE-3E7522A04847}.Debug|x86.ActiveCfg = Debug|Any CPU
		{C4F97467-4555-414D-8ECE-3E7522A04847}.Debug|x86.Build.0 = Debug|Any CPU
		{C4F97467-4555-414D-8ECE-3E7522A04847}.Release|Any CPU.ActiveCfg = Release|Any CPU
		{C4F97467-4555-414D-8ECE-3E7522A04847}.Release|Any CPU.Build.0 = Release|Any CPU
		{C4F97467-4555-414D-8ECE-3E7522A04847}.Release|x64.ActiveCfg = Release|Any CPU
		{C4F97467-4555-414D-8ECE-3E7522A04847}.Release|x64.Build.0 = Release|Any CPU
		{C4F97467-4555-414D-8ECE-3E7522A04847}.Release|x86.ActiveCfg = Release|Any CPU
		{C4F97467-4555-414D-8ECE-3E7522A04847}.Release|x86.Build.0 = Release|Any CPU
	EndGlobalSection
EndGlobal
