
Microsoft Visual Studio Solution File, Format Version 12.00
# Visual Studio 15
VisualStudioVersion = 15.0.26124.0
MinimumVisualStudioVersion = 15.0.26124.0
Project("{FAE04EC0-301F-11D3-BF4B-00C04F79EFBC}") = "TestCommon", "..\TestCommon\TestCommon.csproj", "{D6C320D9-F867-46C1-8309-939D181D7DC5}"
EndProject
Project("{FAE04EC0-301F-11D3-BF4B-00C04F79EFBC}") = "A5", "A5\A5.csproj", "{A5ED288C-D671-426A-BBF4-9AAAD2CA7D60}"
EndProject
Project("{FAE04EC0-301F-11D3-BF4B-00C04F79EFBC}") = "A5.Tests", "A5.Tests\A5.Tests.csproj", "{D1B6AEF3-3AD4-4DD1-979F-A12D51CDEF76}"
EndProject
Global
	GlobalSection(SolutionConfigurationPlatforms) = preSolution
		Debug|Any CPU = Debug|Any CPU
		Debug|x64 = Debug|x64
		Debug|x86 = Debug|x86
		Release|Any CPU = Release|Any CPU
		Release|x64 = Release|x64
		Release|x86 = Release|x86
	EndGlobalSection
	GlobalSection(SolutionProperties) = preSolution
		HideSolutionNode = FALSE
	EndGlobalSection
	GlobalSection(ProjectConfigurationPlatforms) = postSolution
		{D6C320D9-F867-46C1-8309-939D181D7DC5}.Debug|Any CPU.ActiveCfg = Debug|Any CPU
		{D6C320D9-F867-46C1-8309-939D181D7DC5}.Debug|Any CPU.Build.0 = Debug|Any CPU
		{D6C320D9-F867-46C1-8309-939D181D7DC5}.Debug|x64.ActiveCfg = Debug|Any CPU
		{D6C320D9-F867-46C1-8309-939D181D7DC5}.Debug|x64.Build.0 = Debug|Any CPU
		{D6C320D9-F867-46C1-8309-939D181D7DC5}.Debug|x86.ActiveCfg = Debug|Any CPU
		{D6C320D9-F867-46C1-8309-939D181D7DC5}.Debug|x86.Build.0 = Debug|Any CPU
		{D6C320D9-F867-46C1-8309-939D181D7DC5}.Release|Any CPU.ActiveCfg = Release|Any CPU
		{D6C320D9-F867-46C1-8309-939D181D7DC5}.Release|Any CPU.Build.0 = Release|Any CPU
		{D6C320D9-F867-46C1-8309-939D181D7DC5}.Release|x64.ActiveCfg = Release|Any CPU
		{D6C320D9-F867-46C1-8309-939D181D7DC5}.Release|x64.Build.0 = Release|Any CPU
		{D6C320D9-F867-46C1-8309-939D181D7DC5}.Release|x86.ActiveCfg = Release|Any CPU
		{D6C320D9-F867-46C1-8309-939D181D7DC5}.Release|x86.Build.0 = Release|Any CPU
		{A5ED288C-D671-426A-BBF4-9AAAD2CA7D60}.Debug|Any CPU.ActiveCfg = Debug|Any CPU
		{A5ED288C-D671-426A-BBF4-9AAAD2CA7D60}.Debug|Any CPU.Build.0 = Debug|Any CPU
		{A5ED288C-D671-426A-BBF4-9AAAD2CA7D60}.Debug|x64.ActiveCfg = Debug|Any CPU
		{A5ED288C-D671-426A-BBF4-9AAAD2CA7D60}.Debug|x64.Build.0 = Debug|Any CPU
		{A5ED288C-D671-426A-BBF4-9AAAD2CA7D60}.Debug|x86.ActiveCfg = Debug|Any CPU
		{A5ED288C-D671-426A-BBF4-9AAAD2CA7D60}.Debug|x86.Build.0 = Debug|Any CPU
		{A5ED288C-D671-426A-BBF4-9AAAD2CA7D60}.Release|Any CPU.ActiveCfg = Release|Any CPU
		{A5ED288C-D671-426A-BBF4-9AAAD2CA7D60}.Release|Any CPU.Build.0 = Release|Any CPU
		{A5ED288C-D671-426A-BBF4-9AAAD2CA7D60}.Release|x64.ActiveCfg = Release|Any CPU
		{A5ED288C-D671-426A-BBF4-9AAAD2CA7D60}.Release|x64.Build.0 = Release|Any CPU
		{A5ED288C-D671-426A-BBF4-9AAAD2CA7D60}.Release|x86.ActiveCfg = Release|Any CPU
		{A5ED288C-D671-426A-BBF4-9AAAD2CA7D60}.Release|x86.Build.0 = Release|Any CPU
		{D1B6AEF3-3AD4-4DD1-979F-A12D51CDEF76}.Debug|Any CPU.ActiveCfg = Debug|Any CPU
		{D1B6AEF3-3AD4-4DD1-979F-A12D51CDEF76}.Debug|Any CPU.Build.0 = Debug|Any CPU
		{D1B6AEF3-3AD4-4DD1-979F-A12D51CDEF76}.Debug|x64.ActiveCfg = Debug|Any CPU
		{D1B6AEF3-3AD4-4DD1-979F-A12D51CDEF76}.Debug|x64.Build.0 = Debug|Any CPU
		{D1B6AEF3-3AD4-4DD1-979F-A12D51CDEF76}.Debug|x86.ActiveCfg = Debug|Any CPU
		{D1B6AEF3-3AD4-4DD1-979F-A12D51CDEF76}.Debug|x86.Build.0 = Debug|Any CPU
		{D1B6AEF3-3AD4-4DD1-979F-A12D51CDEF76}.Release|Any CPU.ActiveCfg = Release|Any CPU
		{D1B6AEF3-3AD4-4DD1-979F-A12D51CDEF76}.Release|Any CPU.Build.0 = Release|Any CPU
		{D1B6AEF3-3AD4-4DD1-979F-A12D51CDEF76}.Release|x64.ActiveCfg = Release|Any CPU
		{D1B6AEF3-3AD4-4DD1-979F-A12D51CDEF76}.Release|x64.Build.0 = Release|Any CPU
		{D1B6AEF3-3AD4-4DD1-979F-A12D51CDEF76}.Release|x86.ActiveCfg = Release|Any CPU
		{D1B6AEF3-3AD4-4DD1-979F-A12D51CDEF76}.Release|x86.Build.0 = Release|Any CPU
	EndGlobalSection
EndGlobal
